{
  "nodes": {
    "flakeNimbleLib": {
      "inputs": {
        "nixpkgs": [
          "nixpkgs"
        ]
      },
      "locked": {
        "lastModified": 1648105061,
        "narHash": "sha256-Je25qNlH4xrH3+m6vIq6yPvdfQ80FRTwX4JOhrRLduc=",
        "owner": "riinr",
        "repo": "nim-flakes-lib",
        "rev": "f1ec5e2f15b9f717c33b6942ce7cb344ff868522",
        "type": "github"
      },
      "original": {
        "owner": "riinr",
        "ref": "master",
        "repo": "nim-flakes-lib",
        "type": "github"
      }
    },
    "nixpkgs": {
      "locked": {
        "lastModified": 0,
        "narHash": "sha256-BBeCZwZImtjP3oYy4WogkQYy5OxNyfNciVSc1AfZgLQ=",
        "path": "/nix/store/z8fi1f38y14lmsyhnph1l98qr3r9x7wr-source",
        "type": "path"
      },
      "original": {
        "id": "nixpkgs",
        "type": "indirect"
      }
    },
    "rocksdb-master": {
      "inputs": {
        "flakeNimbleLib": [
          "flakeNimbleLib"
        ],
        "nixpkgs": [
          "nixpkgs"
        ],
        "src-rocksdb-master": "src-rocksdb-master",
        "stew": "stew",
        "tempfile": "tempfile"
      },
      "locked": {
        "dir": "master",
        "lastModified": 1658032976,
        "narHash": "sha256-gskjhVk29M7nPehAC3MyaY0z0Y9qAQn9QmLziGSDndw=",
        "owner": "nim-nix-pkgs",
        "repo": "rocksdb",
        "rev": "494d022279cf514315ff69e292650bd7bced8357",
        "type": "github"
      },
      "original": {
        "dir": "master",
        "owner": "nim-nix-pkgs",
        "ref": "master",
        "repo": "rocksdb",
        "type": "github"
      }
    },
    "root": {
      "inputs": {
        "flakeNimbleLib": "flakeNimbleLib",
        "nixpkgs": "nixpkgs",
        "rocksdb-master": "rocksdb-master"
      }
    },
    "src-rocksdb-master": {
      "flake": false,
      "locked": {
        "lastModified": 1647971207,
        "narHash": "sha256-w5DW8PzCIwmFq/W7waA9Z4b3l+u2m1WAOCxF9ciJqKc=",
        "owner": "status-im",
        "repo": "nim-rocksdb",
        "rev": "fb3f2c30b0224466932ee132e3f853e6c35cff7c",
        "type": "github"
      },
      "original": {
        "owner": "status-im",
        "ref": "refs/heads/master",
        "repo": "nim-rocksdb",
        "type": "github"
      }
    },
    "src-stew-master": {
      "flake": false,
      "locked": {
        "lastModified": 1657991771,
        "narHash": "sha256-RZnenro1b29z6djs20LMsOu6dZVpNJs69sFAAvWJoeE=",
        "owner": "status-im",
        "repo": "nim-stew",
        "rev": "9a3130eb5b76c6504d6e6f8f86556c34f70300ef",
        "type": "github"
      },
      "original": {
        "owner": "status-im",
        "ref": "refs/heads/master",
        "repo": "nim-stew",
        "type": "github"
      }
    },
    "src-tempfile-0_1_7": {
      "flake": false,
      "locked": {
        "lastModified": 1551197760,
        "narHash": "sha256-08vvHXVxL1mAcpMzosaHd2FupTJrKJP5JaVcgxN4oYE=",
        "owner": "OpenSystemsLab",
        "repo": "tempfile.nim",
        "rev": "26e0239441755e5edcfd170e9aa566bb9c9eb6f3",
        "type": "github"
      },
      "original": {
        "owner": "OpenSystemsLab",
        "ref": "refs/tags/0.1.7",
        "repo": "tempfile.nim",
        "type": "github"
      }
    },
    "stew": {
      "inputs": {
        "flakeNimbleLib": [
          "rocksdb-master",
          "flakeNimbleLib"
        ],
        "nixpkgs": [
          "rocksdb-master",
          "nixpkgs"
        ],
        "src-stew-master": "src-stew-master"
      },
      "locked": {
        "dir": "master",
        "lastModified": 1658032246,
        "narHash": "sha256-CO9Gm3OTbleMueJfukJmph/6bESBdg9OhYXj/w4LmLQ=",
        "owner": "nim-nix-pkgs",
        "repo": "stew",
        "rev": "4ea217ca816c2945ae0e71b18e6be80002e0c95f",
        "type": "github"
      },
      "original": {
        "dir": "master",
        "owner": "nim-nix-pkgs",
        "ref": "master",
        "repo": "stew",
        "type": "github"
      }
    },
    "tempfile": {
      "inputs": {
        "flakeNimbleLib": [
          "rocksdb-master",
          "flakeNimbleLib"
        ],
        "nixpkgs": [
          "rocksdb-master",
          "nixpkgs"
        ],
        "src-tempfile-0_1_7": "src-tempfile-0_1_7"
      },
      "locked": {
        "dir": "0_1_7",
        "lastModified": 1658032267,
        "narHash": "sha256-DN6U7CFAmM1CvPXPLcYXZb07f0ZauZe6SxOGe2iF0P0=",
        "owner": "nim-nix-pkgs",
        "repo": "tempfile",
        "rev": "4244edc0ebc322b88bff324e7a4f568a7795eedb",
        "type": "github"
      },
      "original": {
        "dir": "0_1_7",
        "owner": "nim-nix-pkgs",
        "ref": "master",
        "repo": "tempfile",
        "type": "github"
      }
    }
  },
  "root": "root",
  "version": 7
}
